// !$*UTF8*$!
{
	archiveVersion = 1;
	classes = {
	};
	objectVersion = 46;
	objects = {

/* Begin PBXBuildFile section */
		DF342FB81E3741A00042759E /* AppDelegate.swift in Sources */ = {isa = PBXBuildFile; fileRef = DF342FB71E3741A00042759E /* AppDelegate.swift */; };
		DF342FBA1E3741A00042759E /* ViewController.swift in Sources */ = {isa = PBXBuildFile; fileRef = DF342FB91E3741A00042759E /* ViewController.swift */; };
		DF342FBD1E3741A00042759E /* Main.storyboard in Resources */ = {isa = PBXBuildFile; fileRef = DF342FBB1E3741A00042759E /* Main.storyboard */; };
		DF342FBF1E3741A00042759E /* Assets.xcassets in Resources */ = {isa = PBXBuildFile; fileRef = DF342FBE1E3741A00042759E /* Assets.xcassets */; };
		DF342FC21E3741A00042759E /* LaunchScreen.storyboard in Resources */ = {isa = PBXBuildFile; fileRef = DF342FC01E3741A00042759E /* LaunchScreen.storyboard */; };
/* End PBXBuildFile section */

/* Begin PBXFileReference section */
		DF342FB41E3741A00042759E /* Test6.app */ = {isa = PBXFileReference; explicitFileType = wrapper.application; includeInIndex = 0; path = Test6.app; sourceTree = BUILT_PRODUCTS_DIR; };
		DF342FB71E3741A00042759E /* AppDelegate.swift */ = {isa = PBXFileReference; lastKnownFileType = sourcecode.swift; path = AppDelegate.swift; sourceTree = "<group>"; };
		DF342FB91E3741A00042759E /* ViewController.swift */ = {isa = PBXFileReference; lastKnownFileType = sourcecode.swift; path = ViewController.swift; sourceTree = "<group>"; };
		DF342FBC1E3741A00042759E /* Base */ = {isa = PBXFileReference; lastKnownFileType = file.storyboard; name = Base; path = Base.lproj/Main.storyboard; sourceTree = "<group>"; };
		DF342FBE1E3741A00042759E /* Assets.xcassets */ = {isa = PBXFileReference; lastKnownFileType = folder.assetcatalog; path = Assets.xcassets; sourceTree = "<group>"; };
		DF342FC11E3741A00042759E /* Base */ = {isa = PBXFileReference; lastKnownFileType = file.storyboard; name = Base; path = Base.lproj/LaunchScreen.storyboard; sourceTree = "<group>"; };
		DF342FC31E3741A00042759E /* Info.plist */ = {isa = PBXFileReference; lastKnownFileType = text.plist.xml; path = Info.plist; sourceTree = "<group>"; };
/* End PBXFileReference section */

/* Begin PBXFrameworksBuildPhase section */
		DF342FB11E3741A00042759E /* Frameworks */ = {
			isa = PBXFrameworksBuildPhase;
			buildActionMask = 2147483647;
			files = (
			);
			runOnlyForDeploymentPostprocessing = 0;
		};
/* End PBXFrameworksBuildPhase section */

/* Begin PBXGroup section */
		DF342FAB1E3741A00042759E = {
			isa = PBXGroup;
			children = (
				DF342FB61E3741A00042759E /* Test6 */,
				DF342FB51E3741A00042759E /* Products */,
			);
			sourceTree = "<group>";
		};
		DF342FB51E3741A00042759E /* Products */ = {
			isa = PBXGroup;
			children = (
				DF342FB41E3741A00042759E /* Test6.app */,
			);
			name = Products;
			sourceTree = "<group>";
		};
		DF342FB61E3741A00042759E /* Test6 */ = {
			isa = PBXGroup;
			children = (
				DF342FB71E3741A00042759E /* AppDelegate.swift */,
				DF342FB91E3741A00042759E /* ViewController.swift */,
				DF342FBB1E3741A00042759E /* Main.storyboard */,
				DF342FBE1E3741A00042759E /* Assets.xcassets */,
				DF342FC01E3741A00042759E /* LaunchScreen.storyboard */,
				DF342FC31E3741A00042759E /* Info.plist */,
			);
			path = Test6;
			sourceTree = "<group>";
		};
/* End PBXGroup section */

/* Begin PBXNativeTarget section */
		DF342FB31E3741A00042759E /* Test6 */ = {
			isa = PBXNativeTarget;
			buildConfigurationList = DF342FC61E3741A00042759E /* Build configuration list for PBXNativeTarget "Test6" */;
			buildPhases = (
				DF342FB01E3741A00042759E /* Sources */,
				DF342FB11E3741A00042759E /* Frameworks */,
				DF342FB21E3741A00042759E /* Resources */,
			);
			buildRules = (
			);
			dependencies = (
			);
			name = Test6;
			productName = Test6;
			productReference = DF342FB41E3741A00042759E /* Test6.app */;
			productType = "com.apple.product-type.application";
		};
/* End PBXNativeTarget section */

/* Begin PBXProject section */
		DF342FAC1E3741A00042759E /* Project object */ = {
			isa = PBXProject;
			attributes = {
				LastSwiftUpdateCheck = 0810;
				LastUpgradeCheck = 0810;
				ORGANIZATIONNAME = "Gaston Santiago";
				TargetAttributes = {
					DF342FB31E3741A00042759E = {
						CreatedOnToolsVersion = 8.1;
						DevelopmentTeam = 5NUQ7G8CH4;
						ProvisioningStyle = Automatic;
					};
				};
			};
			buildConfigurationList = DF342FAF1E3741A00042759E /* Build configuration list for PBXProject "Test6" */;
			compatibilityVersion = "Xcode 3.2";
			developmentRegion = English;
			hasScannedForEncodings = 0;
			knownRegions = (
				en,
				Base,
			);
			mainGroup = DF342FAB1E3741A00042759E;
			productRefGroup = DF342FB51E3741A00042759E /* Products */;
			projectDirPath = "";
			projectRoot = "";
			targets = (
				DF342FB31E3741A00042759E /* Test6 */,
			);
		};
/* End PBXProject section */

/* Begin PBXResourcesBuildPhase section */
		DF342FB21E3741A00042759E /* Resources */ = {
			isa = PBXResourcesBuildPhase;
			buildActionMask = 2147483647;
			files = (
				DF342FC21E3741A00042759E /* LaunchScreen.storyboard in Resources */,
				DF342FBF1E3741A00042759E /* Assets.xcassets in Resources */,
				DF342FBD1E3741A00042759E /* Main.storyboard in Resources */,
			);
			runOnlyForDeploymentPostprocessing = 0;
		};
/* End PBXResourcesBuildPhase section */

/* Begin PBXSourcesBuildPhase section */
		DF342FB01E3741A00042759E /* Sources */ = {
			isa = PBXSourcesBuildPhase;
			buildActionMask = 2147483647;
			files = (
				DF342FBA1E3741A00042759E /* ViewController.swift in Sources */,
				DF342FB81E3741A00042759E /* AppDelegate.swift in Sources */,
			);
			runOnlyForDeploymentPostprocessing = 0;
		};
/* End PBXSourcesBuildPhase section */

/* Begin PBXVariantGroup section */
		DF342FBB1E3741A00042759E /* Main.storyboard */ = {
			isa = PBXVariantGroup;
			children = (
				DF342FBC1E3741A00042759E /* Base */,
			);
			name = Main.storyboard;
			sourceTree = "<group>";
		};
		DF342FC01E3741A00042759E /* LaunchScreen.storyboard */ = {
			isa = PBXVariantGroup;
			children = (
				DF342FC11E3741A00042759E /* Base */,
			);
			name = LaunchScreen.storyboard;
			sourceTree = "<group>";
		};
/* End PBXVariantGroup section */

/* Begin XCBuildConfiguration section */
		DF342FC41E3741A00042759E /* Debug */ = {
			isa = XCBuildConfiguration;
			buildSettings = {
				ALWAYS_SEARCH_USER_PATHS = NO;
				CLANG_ANALYZER_NONNULL = YES;
				CLANG_CXX_LANGUAGE_STANDARD = "gnu++0x";
				CLANG_CXX_LIBRARY = "libc++";
				CLANG_ENABLE_MODULES = YES;
				CLANG_ENABLE_OBJC_ARC = YES;
				CLANG_WARN_BOOL_CONVERSION = YES;
				CLANG_WARN_CONSTANT_CONVERSION = YES;
				CLANG_WARN_DIRECT_OBJC_ISA_USAGE = YES_ERROR;
				CLANG_WARN_DOCUMENTATION_COMMENTS = YES;
				CLANG_WARN_EMPTY_BODY = YES;
				CLANG_WARN_ENUM_CONVERSION = YES;
				CLANG_WARN_INFINITE_RECURSION = YES;
				CLANG_WARN_INT_CONVERSION = YES;
				CLANG_WARN_OBJC_ROOT_CLASS = YES_ERROR;
				CLANG_WARN_SUSPICIOUS_MOVES = YES;
				CLANG_WARN_UNREACHABLE_CODE = YES;
				CLANG_WARN__DUPLICATE_METHOD_MATCH = YES;
				"CODE_SIGN_IDENTITY[sdk=iphoneos*]" = "iPhone Developer";
				COPY_PHASE_STRIP = NO;
				DEBUG_INFORMATION_FORMAT = dwarf;
				ENABLE_STRICT_OBJC_MSGSEND = YES;
				ENABLE_TESTABILITY = YES;
				GCC_C_LANGUAGE_STANDARD = gnu99;
				GCC_DYNAMIC_NO_PIC = NO;
				GCC_NO_COMMON_BLOCKS = YES;
				GCC_OPTIMIZATION_LEVEL = 0;
				GCC_PREPROCESSOR_DEFINITIONS = (
					"DEBUG=1",
					"$(inherited)",
				);
				GCC_WARN_64_TO_32_BIT_CONVERSION = YES;
				GCC_WARN_ABOUT_RETURN_TYPE = YES_ERROR;
				GCC_WARN_UNDECLARED_SELECTOR = YES;
				GCC_WARN_UNINITIALIZED_AUTOS = YES_AGGRESSIVE;
				GCC_WARN_UNUSED_FUNCTION = YES;
				GCC_WARN_UNUSED_VARIABLE = YES;
				IPHONEOS_DEPLOYMENT_TARGET = 10.1;
				MTL_ENABLE_DEBUG_INFO = YES;
				ONLY_ACTIVE_ARCH = YES;
				SDKROOT = iphoneos;
				SWIFT_ACTIVE_COMPILATION_CONDITIONS = DEBUG;
				SWIFT_OPTIMIZATION_LEVEL = "-Onone";
			};
			name = Debug;
		};
		DF342FC51E3741A00042759E /* Release */ = {
			isa = XCBuildConfiguration;
			buildSettings = {
				ALWAYS_SEARCH_USER_PATHS = NO;
				CLANG_ANALYZER_NONNULL = YES;
				CLANG_CXX_LANGUAGE_STANDARD = "gnu++0x";
				CLANG_CXX_LIBRARY = "libc++";
				CLANG_ENABLE_MODULES = YES;
				CLANG_ENABLE_OBJC_ARC = YES;
				CLANG_WARN_BOOL_CONVERSION = YES;
				CLANG_WARN_CONSTANT_CONVERSION = YES;
				CLANG_WARN_DIRECT_OBJC_ISA_USAGE = YES_ERROR;
				CLANG_WARN_DOCUMENTATION_COMMENTS = YES;
				CLANG_WARN_EMPTY_BODY = YES;
				CLANG_WARN_ENUM_CONVERSION = YES;
				CLANG_WARN_INFINITE_RECURSION = YES;
				CLANG_WARN_INT_CONVERSION = YES;
				CLANG_WARN_OBJC_ROOT_CLASS = YES_ERROR;
				CLANG_WARN_SUSPICIOUS_MOVES = YES;
				CLANG_WARN_UNREACHABLE_CODE = YES;
				CLANG_WARN__DUPLICATE_METHOD_MATCH = YES;
				"CODE_SIGN_IDENTITY[sdk=iphoneos*]" = "iPhone Developer";
				COPY_PHASE_STRIP = NO;
				DEBUG_INFORMATION_FORMAT = "dwarf-with-dsym";
				ENABLE_NS_ASSERTIONS = NO;
				ENABLE_STRICT_OBJC_MSGSEND = YES;
				GCC_C_LANGUAGE_STANDARD = gnu99;
				GCC_NO_COMMON_BLOCKS = YES;
				GCC_WARN_64_TO_32_BIT_CONVERSION = YES;
				GCC_WARN_ABOUT_RETURN_TYPE = YES_ERROR;
				GCC_WARN_UNDECLARED_SELECTOR = YES;
				GCC_WARN_UNINITIALIZED_AUTOS = YES_AGGRESSIVE;
				GCC_WARN_UNUSED_FUNCTION = YES;
				GCC_WARN_UNUSED_VARIABLE = YES;
				IPHONEOS_DEPLOYMENT_TARGET = 10.1;
				MTL_ENABLE_DEBUG_INFO = NO;
				SDKROOT = iphoneos;
				SWIFT_OPTIMIZATION_LEVEL = "-Owholemodule";
				VALIDATE_PRODUCT = YES;
			};
			name = Release;
		};
		DF342FC71E3741A00042759E /* Debug */ = {
			isa = XCBuildConfiguration;
			buildSettings = {
				ASSETCATALOG_COMPILER_APPICON_NAME = AppIcon;
				DEVELOPMENT_TEAM = 5NUQ7G8CH4;
				INFOPLIST_FILE = Test6/Info.plist;
				LD_RUNPATH_SEARCH_PATHS = "$(inherited) @executable_path/Frameworks";
				PRODUCT_BUNDLE_IDENTIFIER = com.ajiematics.Test6;
				PRODUCT_NAME = "$(TARGET_NAME)";
				SWIFT_VERSION = 3.0;
			};
			name = Debug;
		};
		DF342FC81E3741A00042759E /* Release */ = {
			isa = XCBuildConfiguration;
			buildSettings = {
				ASSETCATALOG_COMPILER_APPICON_NAME = AppIcon;
				DEVELOPMENT_TEAM = 5NUQ7G8CH4;
				INFOPLIST_FILE = Test6/Info.plist;
				LD_RUNPATH_SEARCH_PATHS = "$(inherited) @executable_path/Frameworks";
				PRODUCT_BUNDLE_IDENTIFIER = com.ajiematics.Test6;
				PRODUCT_NAME = "$(TARGET_NAME)";
				SWIFT_VERSION = 3.0;
			};
			name = Release;
		};
/* End XCBuildConfiguration section */

/* Begin XCConfigurationList section */
		DF342FAF1E3741A00042759E /* Build configuration list for PBXProject "Test6" */ = {
			isa = XCConfigurationList;
			buildConfigurations = (
				DF342FC41E3741A00042759E /* Debug */,
				DF342FC51E3741A00042759E /* Release */,
			);
			defaultConfigurationIsVisible = 0;
			defaultConfigurationName = Release;
		};
		DF342FC61E3741A00042759E /* Build configuration list for PBXNativeTarget "Test6" */ = {
			isa = XCConfigurationList;
			buildConfigurations = (
				DF342FC71E3741A00042759E /* Debug */,
				DF342FC81E3741A00042759E /* Release */,
			);
			defaultConfigurationIsVisible = 0;
		};
/* End XCConfigurationList section */
	};
	rootObject = DF342FAC1E3741A00042759E /* Project object */;
}
